// !$*UTF8*$!
{
	archiveVersion = 1;
	classes = {
	};
	objectVersion = 52;
	objects = {

/* Begin PBXBuildFile section */
		B742E7D323EC71A3002CE143 /* NewsView.swift in Sources */ = {isa = PBXBuildFile; fileRef = B742E7D223EC71A3002CE143 /* NewsView.swift */; };
		B764E44023EC6A1F00DA6277 /* AppDelegate.swift in Sources */ = {isa = PBXBuildFile; fileRef = B764E43F23EC6A1F00DA6277 /* AppDelegate.swift */; };
		B764E44223EC6A1F00DA6277 /* SceneDelegate.swift in Sources */ = {isa = PBXBuildFile; fileRef = B764E44123EC6A1F00DA6277 /* SceneDelegate.swift */; };
		B764E44923EC6A2100DA6277 /* Assets.xcassets in Resources */ = {isa = PBXBuildFile; fileRef = B764E44823EC6A2100DA6277 /* Assets.xcassets */; };
		B764E44C23EC6A2100DA6277 /* LaunchScreen.storyboard in Resources */ = {isa = PBXBuildFile; fileRef = B764E44A23EC6A2100DA6277 /* LaunchScreen.storyboard */; };
		B7656C2423EC6C2E0017A8FB /* TopStoriesTabController.swift in Sources */ = {isa = PBXBuildFile; fileRef = B7656C2323EC6C2E0017A8FB /* TopStoriesTabController.swift */; };
		B7656C2623EC6CE10017A8FB /* NewsController.swift in Sources */ = {isa = PBXBuildFile; fileRef = B7656C2523EC6CE10017A8FB /* NewsController.swift */; };
		B7656C2823EC6D750017A8FB /* SettingsController.swift in Sources */ = {isa = PBXBuildFile; fileRef = B7656C2723EC6D750017A8FB /* SettingsController.swift */; };
		B7656C2A23EC6D870017A8FB /* SavedController.swift in Sources */ = {isa = PBXBuildFile; fileRef = B7656C2923EC6D870017A8FB /* SavedController.swift */; };
		B7F81E9C23EC7E0100A4B257 /* NYTopStoriesTests.swift in Sources */ = {isa = PBXBuildFile; fileRef = B7F81E9B23EC7E0100A4B257 /* NYTopStoriesTests.swift */; };
		B7F81EA423EC854800A4B257 /* TopStory.swift in Sources */ = {isa = PBXBuildFile; fileRef = B7F81EA323EC854800A4B257 /* TopStory.swift */; };
		B7F81EA723EC865700A4B257 /* TopStoriesApiClient.swift in Sources */ = {isa = PBXBuildFile; fileRef = B7F81EA623EC865700A4B257 /* TopStoriesApiClient.swift */; };
		B7F81EAA23EC869800A4B257 /* ImageKit in Frameworks */ = {isa = PBXBuildFile; productRef = B7F81EA923EC869800A4B257 /* ImageKit */; };
		B7F81EAC23EC8BDF00A4B257 /* Config.swift in Sources */ = {isa = PBXBuildFile; fileRef = B7F81EAB23EC8BDF00A4B257 /* Config.swift */; };
		B7F81EC023EDB74A00A4B257 /* NewsCell.swift in Sources */ = {isa = PBXBuildFile; fileRef = B7F81EBF23EDB74A00A4B257 /* NewsCell.swift */; };
		B7F81EC223EDCBB200A4B257 /* ArticleViewController.swift in Sources */ = {isa = PBXBuildFile; fileRef = B7F81EC123EDCBB200A4B257 /* ArticleViewController.swift */; };
		B7F81EC523EDD15900A4B257 /* ArticleDetailView.swift in Sources */ = {isa = PBXBuildFile; fileRef = B7F81EC423EDD15900A4B257 /* ArticleDetailView.swift */; };
		B7F81EEB23F1AC2300A4B257 /* SavedArticleView.swift in Sources */ = {isa = PBXBuildFile; fileRef = B7F81EEA23F1AC2300A4B257 /* SavedArticleView.swift */; };
		B7F81EED23F1B34B00A4B257 /* EmptyView.swift in Sources */ = {isa = PBXBuildFile; fileRef = B7F81EEC23F1B34B00A4B257 /* EmptyView.swift */; };
		B7F81EEF23F1BBE500A4B257 /* SavedArticleCell.swift in Sources */ = {isa = PBXBuildFile; fileRef = B7F81EEE23F1BBE500A4B257 /* SavedArticleCell.swift */; };
		B7F81EF123F1CDE700A4B257 /* SettingsView.swift in Sources */ = {isa = PBXBuildFile; fileRef = B7F81EF023F1CDE700A4B257 /* SettingsView.swift */; };
/* End PBXBuildFile section */

/* Begin PBXContainerItemProxy section */
		B7F81E9E23EC7E0100A4B257 /* PBXContainerItemProxy */ = {
			isa = PBXContainerItemProxy;
			containerPortal = B764E43423EC6A1F00DA6277 /* Project object */;
			proxyType = 1;
			remoteGlobalIDString = B764E43B23EC6A1F00DA6277;
			remoteInfo = NYTopStories;
		};
/* End PBXContainerItemProxy section */

/* Begin PBXFileReference section */
		B742E7D223EC71A3002CE143 /* NewsView.swift */ = {isa = PBXFileReference; lastKnownFileType = sourcecode.swift; path = NewsView.swift; sourceTree = "<group>"; };
		B764E43C23EC6A1F00DA6277 /* NYTopStories.app */ = {isa = PBXFileReference; explicitFileType = wrapper.application; includeInIndex = 0; path = NYTopStories.app; sourceTree = BUILT_PRODUCTS_DIR; };
		B764E43F23EC6A1F00DA6277 /* AppDelegate.swift */ = {isa = PBXFileReference; lastKnownFileType = sourcecode.swift; path = AppDelegate.swift; sourceTree = "<group>"; };
		B764E44123EC6A1F00DA6277 /* SceneDelegate.swift */ = {isa = PBXFileReference; lastKnownFileType = sourcecode.swift; path = SceneDelegate.swift; sourceTree = "<group>"; };
		B764E44823EC6A2100DA6277 /* Assets.xcassets */ = {isa = PBXFileReference; lastKnownFileType = folder.assetcatalog; path = Assets.xcassets; sourceTree = "<group>"; };
		B764E44B23EC6A2100DA6277 /* Base */ = {isa = PBXFileReference; lastKnownFileType = file.storyboard; name = Base; path = Base.lproj/LaunchScreen.storyboard; sourceTree = "<group>"; };
		B764E44D23EC6A2100DA6277 /* Info.plist */ = {isa = PBXFileReference; lastKnownFileType = text.plist.xml; path = Info.plist; sourceTree = "<group>"; };
		B7656C2323EC6C2E0017A8FB /* TopStoriesTabController.swift */ = {isa = PBXFileReference; lastKnownFileType = sourcecode.swift; path = TopStoriesTabController.swift; sourceTree = "<group>"; };
		B7656C2523EC6CE10017A8FB /* NewsController.swift */ = {isa = PBXFileReference; lastKnownFileType = sourcecode.swift; path = NewsController.swift; sourceTree = "<group>"; };
		B7656C2723EC6D750017A8FB /* SettingsController.swift */ = {isa = PBXFileReference; lastKnownFileType = sourcecode.swift; path = SettingsController.swift; sourceTree = "<group>"; };
		B7656C2923EC6D870017A8FB /* SavedController.swift */ = {isa = PBXFileReference; lastKnownFileType = sourcecode.swift; path = SavedController.swift; sourceTree = "<group>"; };
		B7F81E9923EC7E0100A4B257 /* NYTopStoriesTests.xctest */ = {isa = PBXFileReference; explicitFileType = wrapper.cfbundle; includeInIndex = 0; path = NYTopStoriesTests.xctest; sourceTree = BUILT_PRODUCTS_DIR; };
		B7F81E9B23EC7E0100A4B257 /* NYTopStoriesTests.swift */ = {isa = PBXFileReference; lastKnownFileType = sourcecode.swift; path = NYTopStoriesTests.swift; sourceTree = "<group>"; };
		B7F81E9D23EC7E0100A4B257 /* Info.plist */ = {isa = PBXFileReference; lastKnownFileType = text.plist.xml; path = Info.plist; sourceTree = "<group>"; };
		B7F81EA323EC854800A4B257 /* TopStory.swift */ = {isa = PBXFileReference; lastKnownFileType = sourcecode.swift; path = TopStory.swift; sourceTree = "<group>"; };
		B7F81EA623EC865700A4B257 /* TopStoriesApiClient.swift */ = {isa = PBXFileReference; lastKnownFileType = sourcecode.swift; path = TopStoriesApiClient.swift; sourceTree = "<group>"; };
		B7F81EAB23EC8BDF00A4B257 /* Config.swift */ = {isa = PBXFileReference; lastKnownFileType = sourcecode.swift; path = Config.swift; sourceTree = "<group>"; };
		B7F81EBF23EDB74A00A4B257 /* NewsCell.swift */ = {isa = PBXFileReference; lastKnownFileType = sourcecode.swift; path = NewsCell.swift; sourceTree = "<group>"; };
		B7F81EC123EDCBB200A4B257 /* ArticleViewController.swift */ = {isa = PBXFileReference; lastKnownFileType = sourcecode.swift; path = ArticleViewController.swift; sourceTree = "<group>"; };
		B7F81EC423EDD15900A4B257 /* ArticleDetailView.swift */ = {isa = PBXFileReference; lastKnownFileType = sourcecode.swift; path = ArticleDetailView.swift; sourceTree = "<group>"; };
		B7F81EEA23F1AC2300A4B257 /* SavedArticleView.swift */ = {isa = PBXFileReference; lastKnownFileType = sourcecode.swift; path = SavedArticleView.swift; sourceTree = "<group>"; };
		B7F81EEC23F1B34B00A4B257 /* EmptyView.swift */ = {isa = PBXFileReference; lastKnownFileType = sourcecode.swift; path = EmptyView.swift; sourceTree = "<group>"; };
		B7F81EEE23F1BBE500A4B257 /* SavedArticleCell.swift */ = {isa = PBXFileReference; lastKnownFileType = sourcecode.swift; path = SavedArticleCell.swift; sourceTree = "<group>"; };
		B7F81EF023F1CDE700A4B257 /* SettingsView.swift */ = {isa = PBXFileReference; lastKnownFileType = sourcecode.swift; path = SettingsView.swift; sourceTree = "<group>"; };
/* End PBXFileReference section */

/* Begin PBXFrameworksBuildPhase section */
		B764E43923EC6A1F00DA6277 /* Frameworks */ = {
			isa = PBXFrameworksBuildPhase;
			buildActionMask = 2147483647;
			files = (
				B7F81EAA23EC869800A4B257 /* ImageKit in Frameworks */,
			);
			runOnlyForDeploymentPostprocessing = 0;
		};
		B7F81E9623EC7E0100A4B257 /* Frameworks */ = {
			isa = PBXFrameworksBuildPhase;
			buildActionMask = 2147483647;
			files = (
			);
			runOnlyForDeploymentPostprocessing = 0;
		};
/* End PBXFrameworksBuildPhase section */

/* Begin PBXGroup section */
		B742E7D123EC718E002CE143 /* Views */ = {
			isa = PBXGroup;
			children = (
				B742E7D223EC71A3002CE143 /* NewsView.swift */,
				B7F81EC423EDD15900A4B257 /* ArticleDetailView.swift */,
				B7F81EBF23EDB74A00A4B257 /* NewsCell.swift */,
				B7F81EEC23F1B34B00A4B257 /* EmptyView.swift */,
				B7F81EEE23F1BBE500A4B257 /* SavedArticleCell.swift */,
				B7F81EEA23F1AC2300A4B257 /* SavedArticleView.swift */,
				B7F81EF023F1CDE700A4B257 /* SettingsView.swift */,
			);
			path = Views;
			sourceTree = "<group>";
		};
		B764E43323EC6A1F00DA6277 = {
			isa = PBXGroup;
			children = (
				B764E43E23EC6A1F00DA6277 /* NYTopStories */,
				B7F81E9A23EC7E0100A4B257 /* NYTopStoriesTests */,
				B764E43D23EC6A1F00DA6277 /* Products */,
			);
			sourceTree = "<group>";
		};
		B764E43D23EC6A1F00DA6277 /* Products */ = {
			isa = PBXGroup;
			children = (
				B764E43C23EC6A1F00DA6277 /* NYTopStories.app */,
				B7F81E9923EC7E0100A4B257 /* NYTopStoriesTests.xctest */,
			);
			name = Products;
			sourceTree = "<group>";
		};
		B764E43E23EC6A1F00DA6277 /* NYTopStories */ = {
			isa = PBXGroup;
			children = (
				B7F81EA523EC861600A4B257 /* Networks */,
				B742E7D123EC718E002CE143 /* Views */,
				B7656C2B23EC6D8F0017A8FB /* Controllers */,
				B7656C2C23EC6E050017A8FB /* Supporting files */,
				B7F81EC323EDCEDF00A4B257 /* Model */,
				B764E44D23EC6A2100DA6277 /* Info.plist */,
			);
			path = NYTopStories;
			sourceTree = "<group>";
		};
		B7656C2B23EC6D8F0017A8FB /* Controllers */ = {
			isa = PBXGroup;
			children = (
				B7656C2323EC6C2E0017A8FB /* TopStoriesTabController.swift */,
				B7656C2523EC6CE10017A8FB /* NewsController.swift */,
				B7656C2923EC6D870017A8FB /* SavedController.swift */,
				B7656C2723EC6D750017A8FB /* SettingsController.swift */,
				B7F81EC123EDCBB200A4B257 /* ArticleViewController.swift */,
			);
			path = Controllers;
			sourceTree = "<group>";
		};
		B7656C2C23EC6E050017A8FB /* Supporting files */ = {
			isa = PBXGroup;
			children = (
				B764E43F23EC6A1F00DA6277 /* AppDelegate.swift */,
				B764E44123EC6A1F00DA6277 /* SceneDelegate.swift */,
				B764E44823EC6A2100DA6277 /* Assets.xcassets */,
				B764E44A23EC6A2100DA6277 /* LaunchScreen.storyboard */,
				B7F81EAB23EC8BDF00A4B257 /* Config.swift */,
			);
			path = "Supporting files";
			sourceTree = "<group>";
		};
		B7F81E9A23EC7E0100A4B257 /* NYTopStoriesTests */ = {
			isa = PBXGroup;
			children = (
				B7F81E9B23EC7E0100A4B257 /* NYTopStoriesTests.swift */,
				B7F81E9D23EC7E0100A4B257 /* Info.plist */,
			);
			path = NYTopStoriesTests;
			sourceTree = "<group>";
		};
		B7F81EA523EC861600A4B257 /* Networks */ = {
			isa = PBXGroup;
			children = (
				B7F81EA623EC865700A4B257 /* TopStoriesApiClient.swift */,
			);
			path = Networks;
			sourceTree = "<group>";
		};
		B7F81EC323EDCEDF00A4B257 /* Model */ = {
			isa = PBXGroup;
			children = (
				B7F81EA323EC854800A4B257 /* TopStory.swift */,
			);
			path = Model;
			sourceTree = "<group>";
		};
/* End PBXGroup section */

/* Begin PBXNativeTarget section */
		B764E43B23EC6A1F00DA6277 /* NYTopStories */ = {
			isa = PBXNativeTarget;
			buildConfigurationList = B764E45023EC6A2100DA6277 /* Build configuration list for PBXNativeTarget "NYTopStories" */;
			buildPhases = (
				B764E43823EC6A1F00DA6277 /* Sources */,
				B764E43923EC6A1F00DA6277 /* Frameworks */,
				B764E43A23EC6A1F00DA6277 /* Resources */,
			);
			buildRules = (
			);
			dependencies = (
			);
			name = NYTopStories;
			packageProductDependencies = (
				B7F81EA923EC869800A4B257 /* ImageKit */,
			);
			productName = NYTopStories;
			productReference = B764E43C23EC6A1F00DA6277 /* NYTopStories.app */;
			productType = "com.apple.product-type.application";
		};
		B7F81E9823EC7E0100A4B257 /* NYTopStoriesTests */ = {
			isa = PBXNativeTarget;
			buildConfigurationList = B7F81EA223EC7E0100A4B257 /* Build configuration list for PBXNativeTarget "NYTopStoriesTests" */;
			buildPhases = (
				B7F81E9523EC7E0100A4B257 /* Sources */,
				B7F81E9623EC7E0100A4B257 /* Frameworks */,
				B7F81E9723EC7E0100A4B257 /* Resources */,
			);
			buildRules = (
			);
			dependencies = (
				B7F81E9F23EC7E0100A4B257 /* PBXTargetDependency */,
			);
			name = NYTopStoriesTests;
			productName = NYTopStoriesTests;
			productReference = B7F81E9923EC7E0100A4B257 /* NYTopStoriesTests.xctest */;
			productType = "com.apple.product-type.bundle.unit-test";
		};
/* End PBXNativeTarget section */

/* Begin PBXProject section */
		B764E43423EC6A1F00DA6277 /* Project object */ = {
			isa = PBXProject;
			attributes = {
				LastSwiftUpdateCheck = 1120;
				LastUpgradeCheck = 1120;
				ORGANIZATIONNAME = "Amy Alsaydi";
				TargetAttributes = {
					B764E43B23EC6A1F00DA6277 = {
						CreatedOnToolsVersion = 11.2;
					};
					B7F81E9823EC7E0100A4B257 = {
						CreatedOnToolsVersion = 11.2;
						TestTargetID = B764E43B23EC6A1F00DA6277;
					};
				};
			};
			buildConfigurationList = B764E43723EC6A1F00DA6277 /* Build configuration list for PBXProject "NYTopStories" */;
			compatibilityVersion = "Xcode 9.3";
			developmentRegion = en;
			hasScannedForEncodings = 0;
			knownRegions = (
				en,
				Base,
			);
			mainGroup = B764E43323EC6A1F00DA6277;
			packageReferences = (
				B7F81EA823EC869800A4B257 /* XCRemoteSwiftPackageReference "ImageKit" */,
			);
			productRefGroup = B764E43D23EC6A1F00DA6277 /* Products */;
			projectDirPath = "";
			projectRoot = "";
			targets = (
				B764E43B23EC6A1F00DA6277 /* NYTopStories */,
				B7F81E9823EC7E0100A4B257 /* NYTopStoriesTests */,
			);
		};
/* End PBXProject section */

/* Begin PBXResourcesBuildPhase section */
		B764E43A23EC6A1F00DA6277 /* Resources */ = {
			isa = PBXResourcesBuildPhase;
			buildActionMask = 2147483647;
			files = (
				B764E44C23EC6A2100DA6277 /* LaunchScreen.storyboard in Resources */,
				B764E44923EC6A2100DA6277 /* Assets.xcassets in Resources */,
			);
			runOnlyForDeploymentPostprocessing = 0;
		};
		B7F81E9723EC7E0100A4B257 /* Resources */ = {
			isa = PBXResourcesBuildPhase;
			buildActionMask = 2147483647;
			files = (
			);
			runOnlyForDeploymentPostprocessing = 0;
		};
/* End PBXResourcesBuildPhase section */

/* Begin PBXSourcesBuildPhase section */
		B764E43823EC6A1F00DA6277 /* Sources */ = {
			isa = PBXSourcesBuildPhase;
			buildActionMask = 2147483647;
			files = (
				B7656C2623EC6CE10017A8FB /* NewsController.swift in Sources */,
				B7F81EED23F1B34B00A4B257 /* EmptyView.swift in Sources */,
				B7F81EC523EDD15900A4B257 /* ArticleDetailView.swift in Sources */,
				B7F81EC223EDCBB200A4B257 /* ArticleViewController.swift in Sources */,
				B7656C2823EC6D750017A8FB /* SettingsController.swift in Sources */,
				B7F81EF123F1CDE700A4B257 /* SettingsView.swift in Sources */,
				B764E44023EC6A1F00DA6277 /* AppDelegate.swift in Sources */,
				B7F81EEB23F1AC2300A4B257 /* SavedArticleView.swift in Sources */,
				B742E7D323EC71A3002CE143 /* NewsView.swift in Sources */,
				B7F81EEF23F1BBE500A4B257 /* SavedArticleCell.swift in Sources */,
				B7656C2423EC6C2E0017A8FB /* TopStoriesTabController.swift in Sources */,
				B7F81EA423EC854800A4B257 /* TopStory.swift in Sources */,
				B764E44223EC6A1F00DA6277 /* SceneDelegate.swift in Sources */,
				B7F81EAC23EC8BDF00A4B257 /* Config.swift in Sources */,
				B7F81EA723EC865700A4B257 /* TopStoriesApiClient.swift in Sources */,
				B7656C2A23EC6D870017A8FB /* SavedController.swift in Sources */,
				B7F81EC023EDB74A00A4B257 /* NewsCell.swift in Sources */,
			);
			runOnlyForDeploymentPostprocessing = 0;
		};
		B7F81E9523EC7E0100A4B257 /* Sources */ = {
			isa = PBXSourcesBuildPhase;
			buildActionMask = 2147483647;
			files = (
				B7F81E9C23EC7E0100A4B257 /* NYTopStoriesTests.swift in Sources */,
			);
			runOnlyForDeploymentPostprocessing = 0;
		};
/* End PBXSourcesBuildPhase section */

/* Begin PBXTargetDependency section */
		B7F81E9F23EC7E0100A4B257 /* PBXTargetDependency */ = {
			isa = PBXTargetDependency;
			target = B764E43B23EC6A1F00DA6277 /* NYTopStories */;
			targetProxy = B7F81E9E23EC7E0100A4B257 /* PBXContainerItemProxy */;
		};
/* End PBXTargetDependency section */

/* Begin PBXVariantGroup section */
		B764E44A23EC6A2100DA6277 /* LaunchScreen.storyboard */ = {
			isa = PBXVariantGroup;
			children = (
				B764E44B23EC6A2100DA6277 /* Base */,
			);
			name = LaunchScreen.storyboard;
			sourceTree = "<group>";
		};
/* End PBXVariantGroup section */

/* Begin XCBuildConfiguration section */
		B764E44E23EC6A2100DA6277 /* Debug */ = {
			isa = XCBuildConfiguration;
			buildSettings = {
				ALWAYS_SEARCH_USER_PATHS = NO;
				CLANG_ANALYZER_NONNULL = YES;
				CLANG_ANALYZER_NUMBER_OBJECT_CONVERSION = YES_AGGRESSIVE;
				CLANG_CXX_LANGUAGE_STANDARD = "gnu++14";
				CLANG_CXX_LIBRARY = "libc++";
				CLANG_ENABLE_MODULES = YES;
				CLANG_ENABLE_OBJC_ARC = YES;
				CLANG_ENABLE_OBJC_WEAK = YES;
				CLANG_WARN_BLOCK_CAPTURE_AUTORELEASING = YES;
				CLANG_WARN_BOOL_CONVERSION = YES;
				CLANG_WARN_COMMA = YES;
				CLANG_WARN_CONSTANT_CONVERSION = YES;
				CLANG_WARN_DEPRECATED_OBJC_IMPLEMENTATIONS = YES;
				CLANG_WARN_DIRECT_OBJC_ISA_USAGE = YES_ERROR;
				CLANG_WARN_DOCUMENTATION_COMMENTS = YES;
				CLANG_WARN_EMPTY_BODY = YES;
				CLANG_WARN_ENUM_CONVERSION = YES;
				CLANG_WARN_INFINITE_RECURSION = YES;
				CLANG_WARN_INT_CONVERSION = YES;
				CLANG_WARN_NON_LITERAL_NULL_CONVERSION = YES;
				CLANG_WARN_OBJC_IMPLICIT_RETAIN_SELF = YES;
				CLANG_WARN_OBJC_LITERAL_CONVERSION = YES;
				CLANG_WARN_OBJC_ROOT_CLASS = YES_ERROR;
				CLANG_WARN_RANGE_LOOP_ANALYSIS = YES;
				CLANG_WARN_STRICT_PROTOTYPES = YES;
				CLANG_WARN_SUSPICIOUS_MOVE = YES;
				CLANG_WARN_UNGUARDED_AVAILABILITY = YES_AGGRESSIVE;
				CLANG_WARN_UNREACHABLE_CODE = YES;
				CLANG_WARN__DUPLICATE_METHOD_MATCH = YES;
				COPY_PHASE_STRIP = NO;
				DEBUG_INFORMATION_FORMAT = dwarf;
				ENABLE_STRICT_OBJC_MSGSEND = YES;
				ENABLE_TESTABILITY = YES;
				GCC_C_LANGUAGE_STANDARD = gnu11;
				GCC_DYNAMIC_NO_PIC = NO;
				GCC_NO_COMMON_BLOCKS = YES;
				GCC_OPTIMIZATION_LEVEL = 0;
				GCC_PREPROCESSOR_DEFINITIONS = (
					"DEBUG=1",
					"$(inherited)",
				);
				GCC_WARN_64_TO_32_BIT_CONVERSION = YES;
				GCC_WARN_ABOUT_RETURN_TYPE = YES_ERROR;
				GCC_WARN_UNDECLARED_SELECTOR = YES;
				GCC_WARN_UNINITIALIZED_AUTOS = YES_AGGRESSIVE;
				GCC_WARN_UNUSED_FUNCTION = YES;
				GCC_WARN_UNUSED_VARIABLE = YES;
				IPHONEOS_DEPLOYMENT_TARGET = 13.2;
				MTL_ENABLE_DEBUG_INFO = INCLUDE_SOURCE;
				MTL_FAST_MATH = YES;
				ONLY_ACTIVE_ARCH = YES;
				SDKROOT = iphoneos;
				SWIFT_ACTIVE_COMPILATION_CONDITIONS = DEBUG;
				SWIFT_OPTIMIZATION_LEVEL = "-Onone";
			};
			name = Debug;
		};
		B764E44F23EC6A2100DA6277 /* Release */ = {
			isa = XCBuildConfiguration;
			buildSettings = {
				ALWAYS_SEARCH_USER_PATHS = NO;
				CLANG_ANALYZER_NONNULL = YES;
				CLANG_ANALYZER_NUMBER_OBJECT_CONVERSION = YES_AGGRESSIVE;
				CLANG_CXX_LANGUAGE_STANDARD = "gnu++14";
				CLANG_CXX_LIBRARY = "libc++";
				CLANG_ENABLE_MODULES = YES;
				CLANG_ENABLE_OBJC_ARC = YES;
				CLANG_ENABLE_OBJC_WEAK = YES;
				CLANG_WARN_BLOCK_CAPTURE_AUTORELEASING = YES;
				CLANG_WARN_BOOL_CONVERSION = YES;
				CLANG_WARN_COMMA = YES;
				CLANG_WARN_CONSTANT_CONVERSION = YES;
				CLANG_WARN_DEPRECATED_OBJC_IMPLEMENTATIONS = YES;
				CLANG_WARN_DIRECT_OBJC_ISA_USAGE = YES_ERROR;
				CLANG_WARN_DOCUMENTATION_COMMENTS = YES;
				CLANG_WARN_EMPTY_BODY = YES;
				CLANG_WARN_ENUM_CONVERSION = YES;
				CLANG_WARN_INFINITE_RECURSION = YES;
				CLANG_WARN_INT_CONVERSION = YES;
				CLANG_WARN_NON_LITERAL_NULL_CONVERSION = YES;
				CLANG_WARN_OBJC_IMPLICIT_RETAIN_SELF = YES;
				CLANG_WARN_OBJC_LITERAL_CONVERSION = YES;
				CLANG_WARN_OBJC_ROOT_CLASS = YES_ERROR;
				CLANG_WARN_RANGE_LOOP_ANALYSIS = YES;
				CLANG_WARN_STRICT_PROTOTYPES = YES;
				CLANG_WARN_SUSPICIOUS_MOVE = YES;
				CLANG_WARN_UNGUARDED_AVAILABILITY = YES_AGGRESSIVE;
				CLANG_WARN_UNREACHABLE_CODE = YES;
				CLANG_WARN__DUPLICATE_METHOD_MATCH = YES;
				COPY_PHASE_STRIP = NO;
				DEBUG_INFORMATION_FORMAT = "dwarf-with-dsym";
				ENABLE_NS_ASSERTIONS = NO;
				ENABLE_STRICT_OBJC_MSGSEND = YES;
				GCC_C_LANGUAGE_STANDARD = gnu11;
				GCC_NO_COMMON_BLOCKS = YES;
				GCC_WARN_64_TO_32_BIT_CONVERSION = YES;
				GCC_WARN_ABOUT_RETURN_TYPE = YES_ERROR;
				GCC_WARN_UNDECLARED_SELECTOR = YES;
				GCC_WARN_UNINITIALIZED_AUTOS = YES_AGGRESSIVE;
				GCC_WARN_UNUSED_FUNCTION = YES;
				GCC_WARN_UNUSED_VARIABLE = YES;
				IPHONEOS_DEPLOYMENT_TARGET = 13.2;
				MTL_ENABLE_DEBUG_INFO = NO;
				MTL_FAST_MATH = YES;
				SDKROOT = iphoneos;
				SWIFT_COMPILATION_MODE = wholemodule;
				SWIFT_OPTIMIZATION_LEVEL = "-O";
				VALIDATE_PRODUCT = YES;
			};
			name = Release;
		};
		B764E45123EC6A2100DA6277 /* Debug */ = {
			isa = XCBuildConfiguration;
			buildSettings = {
				ASSETCATALOG_COMPILER_APPICON_NAME = AppIcon;
				CODE_SIGN_STYLE = Automatic;
				DEVELOPMENT_TEAM = WDT827LK75;
				INFOPLIST_FILE = NYTopStories/Info.plist;
				LD_RUNPATH_SEARCH_PATHS = (
					"$(inherited)",
					"@executable_path/Frameworks",
				);
				PRODUCT_BUNDLE_IDENTIFIER = com.Amy.NYTopStories;
				PRODUCT_NAME = "$(TARGET_NAME)";
				SWIFT_VERSION = 5.0;
				TARGETED_DEVICE_FAMILY = "1,2";
			};
			name = Debug;
		};
		B764E45223EC6A2100DA6277 /* Release */ = {
			isa = XCBuildConfiguration;
			buildSettings = {
				ASSETCATALOG_COMPILER_APPICON_NAME = AppIcon;
				CODE_SIGN_STYLE = Automatic;
				DEVELOPMENT_TEAM = WDT827LK75;
				INFOPLIST_FILE = NYTopStories/Info.plist;
				LD_RUNPATH_SEARCH_PATHS = (
					"$(inherited)",
					"@executable_path/Frameworks",
				);
				PRODUCT_BUNDLE_IDENTIFIER = com.Amy.NYTopStories;
				PRODUCT_NAME = "$(TARGET_NAME)";
				SWIFT_VERSION = 5.0;
				TARGETED_DEVICE_FAMILY = "1,2";
			};
			name = Release;
		};
		B7F81EA023EC7E0100A4B257 /* Debug */ = {
			isa = XCBuildConfiguration;
			buildSettings = {
				BUNDLE_LOADER = "$(TEST_HOST)";
				CODE_SIGN_STYLE = Automatic;
				DEVELOPMENT_TEAM = WDT827LK75;
				INFOPLIST_FILE = NYTopStoriesTests/Info.plist;
				LD_RUNPATH_SEARCH_PATHS = (
					"$(inherited)",
					"@executable_path/Frameworks",
					"@loader_path/Frameworks",
				);
				PRODUCT_BUNDLE_IDENTIFIER = com.Amy.NYTopStoriesTests;
				PRODUCT_NAME = "$(TARGET_NAME)";
				SWIFT_VERSION = 5.0;
				TARGETED_DEVICE_FAMILY = "1,2";
				TEST_HOST = "$(BUILT_PRODUCTS_DIR)/NYTopStories.app/NYTopStories";
			};
			name = Debug;
		};
		B7F81EA123EC7E0100A4B257 /* Release */ = {
			isa = XCBuildConfiguration;
			buildSettings = {
				BUNDLE_LOADER = "$(TEST_HOST)";
				CODE_SIGN_STYLE = Automatic;
				DEVELOPMENT_TEAM = WDT827LK75;
				INFOPLIST_FILE = NYTopStoriesTests/Info.plist;
				LD_RUNPATH_SEARCH_PATHS = (
					"$(inherited)",
					"@executable_path/Frameworks",
					"@loader_path/Frameworks",
				);
				PRODUCT_BUNDLE_IDENTIFIER = com.Amy.NYTopStoriesTests;
				PRODUCT_NAME = "$(TARGET_NAME)";
				SWIFT_VERSION = 5.0;
				TARGETED_DEVICE_FAMILY = "1,2";
				TEST_HOST = "$(BUILT_PRODUCTS_DIR)/NYTopStories.app/NYTopStories";
			};
			name = Release;
		};
/* End XCBuildConfiguration section */

/* Begin XCConfigurationList section */
		B764E43723EC6A1F00DA6277 /* Build configuration list for PBXProject "NYTopStories" */ = {
			isa = XCConfigurationList;
			buildConfigurations = (
				B764E44E23EC6A2100DA6277 /* Debug */,
				B764E44F23EC6A2100DA6277 /* Release */,
			);
			defaultConfigurationIsVisible = 0;
			defaultConfigurationName = Release;
		};
		B764E45023EC6A2100DA6277 /* Build configuration list for PBXNativeTarget "NYTopStories" */ = {
			isa = XCConfigurationList;
			buildConfigurations = (
				B764E45123EC6A2100DA6277 /* Debug */,
				B764E45223EC6A2100DA6277 /* Release */,
			);
			defaultConfigurationIsVisible = 0;
			defaultConfigurationName = Release;
		};
		B7F81EA223EC7E0100A4B257 /* Build configuration list for PBXNativeTarget "NYTopStoriesTests" */ = {
			isa = XCConfigurationList;
			buildConfigurations = (
				B7F81EA023EC7E0100A4B257 /* Debug */,
				B7F81EA123EC7E0100A4B257 /* Release */,
			);
			defaultConfigurationIsVisible = 0;
			defaultConfigurationName = Release;
		};
/* End XCConfigurationList section */

/* Begin XCRemoteSwiftPackageReference section */
		B7F81EA823EC869800A4B257 /* XCRemoteSwiftPackageReference "ImageKit" */ = {
			isa = XCRemoteSwiftPackageReference;
			repositoryURL = "https://github.com/alexpaul/ImageKit";
			requirement = {
				kind = upToNextMajorVersion;
				minimumVersion = 1.0.4;
			};
		};
/* End XCRemoteSwiftPackageReference section */

/* Begin XCSwiftPackageProductDependency section */
		B7F81EA923EC869800A4B257 /* ImageKit */ = {
			isa = XCSwiftPackageProductDependency;
			package = B7F81EA823EC869800A4B257 /* XCRemoteSwiftPackageReference "ImageKit" */;
			productName = ImageKit;
		};
/* End XCSwiftPackageProductDependency section */
	};
	rootObject = B764E43423EC6A1F00DA6277 /* Project object */;
}
